
Microsoft Visual Studio Solution File, Format Version 12.00
# Visual Studio Version 16
VisualStudioVersion = 16.0.31205.134
MinimumVisualStudioVersion = 10.0.40219.1
Project("{9A19103F-16F7-4668-BE54-9A1E7A4F7556}") = "ProjectManager.Api", "ProjectManager.Api\ProjectManager.Api.csproj", "{A239FF45-A935-4812-A8A8-9685D3245FD8}"
EndProject
Global
	GlobalSection(SolutionConfigurationPlatforms) = preSolution
		Debug|Any CPU = Debug|Any CPU
		Release|Any CPU = Release|Any CPU
	EndGlobalSection
	GlobalSection(ProjectConfigurationPlatforms) = postSolution
		{A239FF45-A935-4812-A8A8-9685D3245FD8}.Debug|Any CPU.ActiveCfg = Debug|Any CPU
		{A239FF45-A935-4812-A8A8-9685D3245FD8}.Debug|Any CPU.Build.0 = Debug|Any CPU
		{A239FF45-A935-4812-A8A8-9685D3245FD8}.Release|Any CPU.ActiveCfg = Release|Any CPU
		{A239FF45-A935-4812-A8A8-9685D3245FD8}.Release|Any CPU.Build.0 = Release|Any CPU
	EndGlobalSection
	GlobalSection(SolutionProperties) = preSolution
		HideSolutionNode = FALSE
	EndGlobalSection
	GlobalSection(ExtensibilityGlobals) = postSolution
		SolutionGuid = {9DDAEA58-BD31-4110-A863-C6AFFB630F6D}
	EndGlobalSection
EndGlobal
